
Microsoft Visual Studio Solution File, Format Version 12.00
# Visual Studio Version 17
VisualStudioVersion = 17.5.002.0
MinimumVisualStudioVersion = 10.0.40219.1
Project("{9A19103F-16F7-4668-BE54-9A1E7A4F7556}") = "ChatServer", "ChatServer\ChatServer.csproj", "{FE22DD7A-4439-439F-B1C0-A51C91CCFADD}"
EndProject
Project("{FAE04EC0-301F-11D3-BF4B-00C04F79EFBC}") = "ClassLibrary", "ClassLibrary\ClassLibrary.csproj", "{2B749CC4-BAF7-4A91-B9E5-FD2793B04617}"
EndProject
Global
	GlobalSection(SolutionConfigurationPlatforms) = preSolution
		Debug|Any CPU = Debug|Any CPU
		Release|Any CPU = Release|Any CPU
	EndGlobalSection
	GlobalSection(ProjectConfigurationPlatforms) = postSolution
		{FE22DD7A-4439-439F-B1C0-A51C91CCFADD}.Debug|Any CPU.ActiveCfg = Debug|Any CPU
		{FE22DD7A-4439-439F-B1C0-A51C91CCFADD}.Debug|Any CPU.Build.0 = Debug|Any CPU
		{FE22DD7A-4439-439F-B1C0-A51C91CCFADD}.Release|Any CPU.ActiveCfg = Release|Any CPU
		{FE22DD7A-4439-439F-B1C0-A51C91CCFADD}.Release|Any CPU.Build.0 = Release|Any CPU
		{2B749CC4-BAF7-4A91-B9E5-FD2793B04617}.Debug|Any CPU.ActiveCfg = Debug|Any CPU
		{2B749CC4-BAF7-4A91-B9E5-FD2793B04617}.Debug|Any CPU.Build.0 = Debug|Any CPU
		{2B749CC4-BAF7-4A91-B9E5-FD2793B04617}.Release|Any CPU.ActiveCfg = Release|Any CPU
		{2B749CC4-BAF7-4A91-B9E5-FD2793B04617}.Release|Any CPU.Build.0 = Release|Any CPU
	EndGlobalSection
	GlobalSection(SolutionProperties) = preSolution
		HideSolutionNode = FALSE
	EndGlobalSection
	GlobalSection(ExtensibilityGlobals) = postSolution
		SolutionGuid = {3EF0AECA-DEF8-4087-BDF2-8871D0610657}
	EndGlobalSection
EndGlobal
